# This file is autogenerated, do not edit; changes may be undone by the next 'dep ensure'.


[[projects]]
  branch = "crud"
  name = "github.com/galuhest/item-crud-go"
  packages = ["."]
  revision = "65fe33d4cb0482b4e618876ce45dbaa32ae9f59c"

[[projects]]
  branch = "master"
  name = "github.com/galuhest/item-crud-golang"
  packages = ["."]
  revision = "809d83408f21b9639c5351656f013f8601271c11"

[[projects]]
  name = "github.com/go-sql-driver/mysql"
  packages = ["."]
  revision = "d523deb1b23d913de5bdada721a6071e71283618"
  version = "v1.4.0"

[[projects]]
  name = "github.com/joho/godotenv"
  packages = ["."]
  revision = "a79fa1e548e2c689c241d10173efd51e5d689d5b"
  version = "v1.2.0"

[[projects]]
  name = "github.com/julienschmidt/httprouter"
  packages = ["."]
  revision = "8c199fb6259ffc1af525cc3ad52ee60ba8359669"
  version = "v1.1"

[[projects]]
  name = "google.golang.org/appengine"
  packages = ["cloudsql"]
  revision = "b1f26356af11148e710935ed1ac8a7f5702c7612"
  version = "v1.1.0"

[solve-meta]
  analyzer-name = "dep"
  analyzer-version = 1
  inputs-digest = "b3abce6958d13f79206f4126e70d4c90a12cea40f222faf4df6447bd8ec87de3"
  solver-name = "gps-cdcl"
  solver-version = 1
